
Microsoft Visual Studio Solution File, Format Version 12.00
# Visual Studio Version 16
VisualStudioVersion = 16.0.31424.327
MinimumVisualStudioVersion = 10.0.40219.1
Project("{FAE04EC0-301F-11D3-BF4B-00C04F79EFBC}") = "He_thong_ban_DT_online", "He_thong_ban_DT_online\He_thong_ban_DT_online.csproj", "{CBFD51EC-00FA-4E0D-8A9E-54D4C4FD84F2}"
EndProject
Global
	GlobalSection(SolutionConfigurationPlatforms) = preSolution
		Debug|Any CPU = Debug|Any CPU
		Release|Any CPU = Release|Any CPU
	EndGlobalSection
	GlobalSection(ProjectConfigurationPlatforms) = postSolution
		{CBFD51EC-00FA-4E0D-8A9E-54D4C4FD84F2}.Debug|Any CPU.ActiveCfg = Debug|Any CPU
		{CBFD51EC-00FA-4E0D-8A9E-54D4C4FD84F2}.Debug|Any CPU.Build.0 = Debug|Any CPU
		{CBFD51EC-00FA-4E0D-8A9E-54D4C4FD84F2}.Release|Any CPU.ActiveCfg = Release|Any CPU
		{CBFD51EC-00FA-4E0D-8A9E-54D4C4FD84F2}.Release|Any CPU.Build.0 = Release|Any CPU
	EndGlobalSection
	GlobalSection(SolutionProperties) = preSolution
		HideSolutionNode = FALSE
	EndGlobalSection
	GlobalSection(ExtensibilityGlobals) = postSolution
		SolutionGuid = {0CE5923C-1A1D-4087-A9EC-A42EB45E86AC}
	EndGlobalSection
EndGlobal
